{
  "name": "hls_demo_page_version2",
  "version": "1.0.0",
  "lockfileVersion": 1,
  "requires": true,
  "dependencies": {
    "core-js": {
      "version": "3.4.1",
      "resolved": "https://registry.npmjs.org/core-js/-/core-js-3.4.1.tgz",
      "integrity": "sha512-KX/dnuY/J8FtEwbnrzmAjUYgLqtk+cxM86hfG60LGiW3MmltIc2yAmDgBgEkfm0blZhUrdr1Zd84J2Y14mLxzg=="
    },
    "custom-event-polyfill": {
      "version": "1.0.7",
      "resolved": "https://registry.npmjs.org/custom-event-polyfill/-/custom-event-polyfill-1.0.7.tgz",
      "integrity": "sha512-TDDkd5DkaZxZFM8p+1I3yAlvM3rSr1wbrOliG4yJiwinMZN8z/iGL7BTlDkrJcYTmgUSb4ywVCc3ZaUtOtC76w=="
    },
    "deepmerge": {
      "version": "4.2.2",
      "resolved": "https://registry.npmjs.org/deepmerge/-/deepmerge-4.2.2.tgz",
      "integrity": "sha512-FJ3UgI4gIl+PHZm53knsuSFpE+nESMr7M4v9QcgB7S63Kj/6WqMiFQJpBBYz1Pt+66bZpP3Q7Lye0Oo9MPKEdg=="
    },
    "eventemitter3": {
      "version": "3.1.0",
      "resolved": "https://registry.npmjs.org/eventemitter3/-/eventemitter3-3.1.0.tgz",
      "integrity": "sha512-ivIvhpq/Y0uSjcHDcOIccjmYjGLcP09MFGE7ysAwkAvkXfpZlC985pH2/ui64DKazbTW/4kN3yqozUxlXzI6cA=="
    },
    "hls.js": {
      "version": "0.12.4",
      "resolved": "https://registry.npmjs.org/hls.js/-/hls.js-0.12.4.tgz",
      "integrity": "sha512-e8OPxQ60dBVsdkv4atdxR21KzC1mgwspM41qpozpj3Uv1Fz4CaeQy3FWoaV2O+QKKbNRvV5hW+/LipCWdrwnMQ==",
      "requires": {
        "eventemitter3": "3.1.0",
        "url-toolkit": "^2.1.6"
      }
    },
    "loadjs": {
      "version": "3.6.1",
      "resolved": "https://registry.npmjs.org/loadjs/-/loadjs-3.6.1.tgz",
      "integrity": "sha512-AZEBw2GWdJk2IzBgQ+Wohoao5j+t0rajqK8dJu8jQqgYxDTxhmCt0ayMo/vCa0ZAMvZxnJcam6uLICfnVd8KAw=="
    },
    "openplayerjs": {
      "version": "1.13.1",
      "resolved": "https://registry.npmjs.org/openplayerjs/-/openplayerjs-1.13.1.tgz",
      "integrity": "sha512-phD4OmVCfM2re/l5D9WvTSxvmxnLxGa3qVX/uKXt6rdP7CAjejo3GgEPYsC/DVen1qIvaDOsLH+/oNwzYU+5pw==",
      "requires": {
        "deepmerge": "^4.2.0"
      }
    },
    "plyr": {
      "version": "3.5.6",
      "resolved": "https://registry.npmjs.org/plyr/-/plyr-3.5.6.tgz",
      "integrity": "sha512-buudbt2qwZYjEdBXW9DvQ7t/LqaSbv9tSjCrqg7nTXVM5BXNdhuiJCyvko+5+DFMdp30mliyKGoOHGXz43OwrA==",
      "requires": {
        "core-js": "^3.1.4",
        "custom-event-polyfill": "^1.0.7",
        "loadjs": "^3.6.1",
        "rangetouch": "^2.0.0",
        "url-polyfill": "^1.1.5"
      }
    },
    "rangetouch": {
      "version": "2.0.0",
      "resolved": "https://registry.npmjs.org/rangetouch/-/rangetouch-2.0.0.tgz",
      "integrity": "sha512-y66wTFbwh7KafYligRsmIYYR1kZY8U9tGHH9PgbVhBUFmGzPMsOSjslXPedgR5D3M9W1QKVbAf1AtaVAt7JJTw=="
    },
    "url-polyfill": {
      "version": "1.1.7",
      "resolved": "https://registry.npmjs.org/url-polyfill/-/url-polyfill-1.1.7.tgz",
      "integrity": "sha512-ZrAxYWCREjmMtL8gSbSiKKLZZticgihCvVBtrFbUVpyoETt8GQJeG2okMWA8XryDAaHMjJfhnc+rnhXRbI4DXA=="
    },
    "url-toolkit": {
      "version": "2.1.6",
      "resolved": "https://registry.npmjs.org/url-toolkit/-/url-toolkit-2.1.6.tgz",
      "integrity": "sha512-UaZ2+50am4HwrV2crR/JAf63Q4VvPYphe63WGeoJxeu8gmOm0qxPt+KsukfakPNrX9aymGNEkkaoICwn+OuvBw=="
    }
  }
}
